
Microsoft Visual Studio Solution File, Format Version 12.00
# Visual Studio Version 17
VisualStudioVersion = 17.8.34408.163
MinimumVisualStudioVersion = 10.0.40219.1
Project("{FAE04EC0-301F-11D3-BF4B-00C04F79EFBC}") = "DesktopApplicationAdminPanel", "DesktopApplicationAdminPanel\DesktopApplicationAdminPanel.csproj", "{D10C15F5-7F8D-442B-9526-BD66DFF87AE1}"
EndProject
Project("{FAE04EC0-301F-11D3-BF4B-00C04F79EFBC}") = "Connection.Provider", "Connection.Provider\Connection.Provider.csproj", "{9E5537C0-7BAE-4925-9F4E-4BF99A006A6D}"
EndProject
Global
	GlobalSection(SolutionConfigurationPlatforms) = preSolution
		Debug|Any CPU = Debug|Any CPU
		Release|Any CPU = Release|Any CPU
	EndGlobalSection
	GlobalSection(ProjectConfigurationPlatforms) = postSolution
		{D10C15F5-7F8D-442B-9526-BD66DFF87AE1}.Debug|Any CPU.ActiveCfg = Debug|Any CPU
		{D10C15F5-7F8D-442B-9526-BD66DFF87AE1}.Debug|Any CPU.Build.0 = Debug|Any CPU
		{D10C15F5-7F8D-442B-9526-BD66DFF87AE1}.Release|Any CPU.ActiveCfg = Release|Any CPU
		{D10C15F5-7F8D-442B-9526-BD66DFF87AE1}.Release|Any CPU.Build.0 = Release|Any CPU
		{9E5537C0-7BAE-4925-9F4E-4BF99A006A6D}.Debug|Any CPU.ActiveCfg = Debug|Any CPU
		{9E5537C0-7BAE-4925-9F4E-4BF99A006A6D}.Debug|Any CPU.Build.0 = Debug|Any CPU
		{9E5537C0-7BAE-4925-9F4E-4BF99A006A6D}.Release|Any CPU.ActiveCfg = Release|Any CPU
		{9E5537C0-7BAE-4925-9F4E-4BF99A006A6D}.Release|Any CPU.Build.0 = Release|Any CPU
	EndGlobalSection
	GlobalSection(SolutionProperties) = preSolution
		HideSolutionNode = FALSE
	EndGlobalSection
	GlobalSection(ExtensibilityGlobals) = postSolution
		SolutionGuid = {FD12191B-1FA7-4344-A597-F025456818E2}
	EndGlobalSection
EndGlobal
